
Microsoft Visual Studio Solution File, Format Version 12.00
# Visual Studio Version 16
VisualStudioVersion = 16.0.30223.230
MinimumVisualStudioVersion = 10.0.40219.1
Project("{9A19103F-16F7-4668-BE54-9A1E7A4F7556}") = "BlazorJWT1", "BlazorJWT1\BlazorJWT1.csproj", "{7AEEACBD-DA10-4B57-9465-04213DC7BA2D}"
EndProject
Project("{FAE04EC0-301F-11D3-BF4B-00C04F79EFBC}") = "AuTestMicroservice", "..\AuTestMicroservice\AuTestMicroservice.csproj", "{2439E504-4ACA-4383-8DBA-BBB907850538}"
EndProject
Global
	GlobalSection(SolutionConfigurationPlatforms) = preSolution
		Debug|Any CPU = Debug|Any CPU
		Release|Any CPU = Release|Any CPU
	EndGlobalSection
	GlobalSection(ProjectConfigurationPlatforms) = postSolution
		{7AEEACBD-DA10-4B57-9465-04213DC7BA2D}.Debug|Any CPU.ActiveCfg = Debug|Any CPU
		{7AEEACBD-DA10-4B57-9465-04213DC7BA2D}.Debug|Any CPU.Build.0 = Debug|Any CPU
		{7AEEACBD-DA10-4B57-9465-04213DC7BA2D}.Release|Any CPU.ActiveCfg = Release|Any CPU
		{7AEEACBD-DA10-4B57-9465-04213DC7BA2D}.Release|Any CPU.Build.0 = Release|Any CPU
		{2439E504-4ACA-4383-8DBA-BBB907850538}.Debug|Any CPU.ActiveCfg = Debug|Any CPU
		{2439E504-4ACA-4383-8DBA-BBB907850538}.Debug|Any CPU.Build.0 = Debug|Any CPU
		{2439E504-4ACA-4383-8DBA-BBB907850538}.Release|Any CPU.ActiveCfg = Release|Any CPU
		{2439E504-4ACA-4383-8DBA-BBB907850538}.Release|Any CPU.Build.0 = Release|Any CPU
	EndGlobalSection
	GlobalSection(SolutionProperties) = preSolution
		HideSolutionNode = FALSE
	EndGlobalSection
	GlobalSection(ExtensibilityGlobals) = postSolution
		SolutionGuid = {EF30C6D7-BD20-415B-9E0A-7242DEBE47B9}
	EndGlobalSection
EndGlobal
